// !$*UTF8*$!
{
	archiveVersion = 1;
	classes = {
	};
	objectVersion = 46;
	objects = {

/* Begin PBXBuildFile section */
		8B77FB361C57060A00AEBDEA /* main.cpp in Sources */ = {isa = PBXBuildFile; fileRef = 8B77FB351C57060A00AEBDEA /* main.cpp */; };
		8B77FB3E1C57087D00AEBDEA /* automata.cpp in Sources */ = {isa = PBXBuildFile; fileRef = 8B77FB3C1C57087D00AEBDEA /* automata.cpp */; };
		8B77FB411C58252800AEBDEA /* prueba.txt in CopyFiles */ = {isa = PBXBuildFile; fileRef = 8B77FB3F1C5824AE00AEBDEA /* prueba.txt */; };
/* End PBXBuildFile section */

/* Begin PBXCopyFilesBuildPhase section */
		8B77FB301C57060A00AEBDEA /* CopyFiles */ = {
			isa = PBXCopyFilesBuildPhase;
			buildActionMask = 2147483647;
			dstPath = /usr/share/man/man1/;
			dstSubfolderSpec = 0;
			files = (
			);
			runOnlyForDeploymentPostprocessing = 1;
		};
		8B77FB401C58250900AEBDEA /* CopyFiles */ = {
			isa = PBXCopyFilesBuildPhase;
			buildActionMask = 2147483647;
			dstPath = "";
			dstSubfolderSpec = 16;
			files = (
				8B77FB411C58252800AEBDEA /* prueba.txt in CopyFiles */,
			);
			runOnlyForDeploymentPostprocessing = 0;
		};
/* End PBXCopyFilesBuildPhase section */

/* Begin PBXFileReference section */
		8B77FB321C57060A00AEBDEA /* Proyecto1_JosueGarcia */ = {isa = PBXFileReference; explicitFileType = "compiled.mach-o.executable"; includeInIndex = 0; path = Proyecto1_JosueGarcia; sourceTree = BUILT_PRODUCTS_DIR; };
		8B77FB351C57060A00AEBDEA /* main.cpp */ = {isa = PBXFileReference; lastKnownFileType = sourcecode.cpp.cpp; path = main.cpp; sourceTree = "<group>"; };
		8B77FB3C1C57087D00AEBDEA /* automata.cpp */ = {isa = PBXFileReference; fileEncoding = 4; lastKnownFileType = sourcecode.cpp.cpp; path = automata.cpp; sourceTree = "<group>"; };
		8B77FB3D1C57087D00AEBDEA /* automata.hpp */ = {isa = PBXFileReference; fileEncoding = 4; lastKnownFileType = sourcecode.cpp.h; path = automata.hpp; sourceTree = "<group>"; };
		8B77FB3F1C5824AE00AEBDEA /* prueba.txt */ = {isa = PBXFileReference; fileEncoding = 4; lastKnownFileType = text; path = prueba.txt; sourceTree = "<group>"; };
/* End PBXFileReference section */

/* Begin PBXFrameworksBuildPhase section */
		8B77FB2F1C57060A00AEBDEA /* Frameworks */ = {
			isa = PBXFrameworksBuildPhase;
			buildActionMask = 2147483647;
			files = (
			);
			runOnlyForDeploymentPostprocessing = 0;
		};
/* End PBXFrameworksBuildPhase section */

/* Begin PBXGroup section */
		8B77FB291C57060A00AEBDEA = {
			isa = PBXGroup;
			children = (
				8B77FB341C57060A00AEBDEA /* Proyecto1_JosueGarcia */,
				8B77FB331C57060A00AEBDEA /* Products */,
			);
			sourceTree = "<group>";
		};
		8B77FB331C57060A00AEBDEA /* Products */ = {
			isa = PBXGroup;
			children = (
				8B77FB321C57060A00AEBDEA /* Proyecto1_JosueGarcia */,
			);
			name = Products;
			sourceTree = "<group>";
		};
		8B77FB341C57060A00AEBDEA /* Proyecto1_JosueGarcia */ = {
			isa = PBXGroup;
			children = (
				8B77FB3F1C5824AE00AEBDEA /* prueba.txt */,
				8B77FB351C57060A00AEBDEA /* main.cpp */,
				8B77FB3C1C57087D00AEBDEA /* automata.cpp */,
				8B77FB3D1C57087D00AEBDEA /* automata.hpp */,
			);
			path = Proyecto1_JosueGarcia;
			sourceTree = "<group>";
		};
/* End PBXGroup section */

/* Begin PBXNativeTarget section */
		8B77FB311C57060A00AEBDEA /* Proyecto1_JosueGarcia */ = {
			isa = PBXNativeTarget;
			buildConfigurationList = 8B77FB391C57060A00AEBDEA /* Build configuration list for PBXNativeTarget "Proyecto1_JosueGarcia" */;
			buildPhases = (
				8B77FB2E1C57060A00AEBDEA /* Sources */,
				8B77FB2F1C57060A00AEBDEA /* Frameworks */,
				8B77FB301C57060A00AEBDEA /* CopyFiles */,
				8B77FB401C58250900AEBDEA /* CopyFiles */,
			);
			buildRules = (
			);
			dependencies = (
			);
			name = Proyecto1_JosueGarcia;
			productName = Proyecto1_JosueGarcia;
			productReference = 8B77FB321C57060A00AEBDEA /* Proyecto1_JosueGarcia */;
			productType = "com.apple.product-type.tool";
		};
/* End PBXNativeTarget section */

/* Begin PBXProject section */
		8B77FB2A1C57060A00AEBDEA /* Project object */ = {
			isa = PBXProject;
			attributes = {
				LastUpgradeCheck = 0720;
				ORGANIZATIONNAME = "Josue Garcia";
				TargetAttributes = {
					8B77FB311C57060A00AEBDEA = {
						CreatedOnToolsVersion = 7.2;
					};
				};
			};
			buildConfigurationList = 8B77FB2D1C57060A00AEBDEA /* Build configuration list for PBXProject "Proyecto1_JosueGarcia" */;
			compatibilityVersion = "Xcode 3.2";
			developmentRegion = English;
			hasScannedForEncodings = 0;
			knownRegions = (
				en,
			);
			mainGroup = 8B77FB291C57060A00AEBDEA;
			productRefGroup = 8B77FB331C57060A00AEBDEA /* Products */;
			projectDirPath = "";
			projectRoot = "";
			targets = (
				8B77FB311C57060A00AEBDEA /* Proyecto1_JosueGarcia */,
			);
		};
/* End PBXProject section */

/* Begin PBXSourcesBuildPhase section */
		8B77FB2E1C57060A00AEBDEA /* Sources */ = {
			isa = PBXSourcesBuildPhase;
			buildActionMask = 2147483647;
			files = (
				8B77FB361C57060A00AEBDEA /* main.cpp in Sources */,
				8B77FB3E1C57087D00AEBDEA /* automata.cpp in Sources */,
			);
			runOnlyForDeploymentPostprocessing = 0;
		};
/* End PBXSourcesBuildPhase section */

/* Begin XCBuildConfiguration section */
		8B77FB371C57060A00AEBDEA /* Debug */ = {
			isa = XCBuildConfiguration;
			buildSettings = {
				ALWAYS_SEARCH_USER_PATHS = NO;
				CLANG_CXX_LANGUAGE_STANDARD = "gnu++0x";
				CLANG_CXX_LIBRARY = "libc++";
				CLANG_ENABLE_MODULES = YES;
				CLANG_ENABLE_OBJC_ARC = YES;
				CLANG_WARN_BOOL_CONVERSION = YES;
				CLANG_WARN_CONSTANT_CONVERSION = YES;
				CLANG_WARN_DIRECT_OBJC_ISA_USAGE = YES_ERROR;
				CLANG_WARN_EMPTY_BODY = YES;
				CLANG_WARN_ENUM_CONVERSION = YES;
				CLANG_WARN_INT_CONVERSION = YES;
				CLANG_WARN_OBJC_ROOT_CLASS = YES_ERROR;
				CLANG_WARN_UNREACHABLE_CODE = YES;
				CLANG_WARN__DUPLICATE_METHOD_MATCH = YES;
				CODE_SIGN_IDENTITY = "-";
				COPY_PHASE_STRIP = NO;
				DEBUG_INFORMATION_FORMAT = dwarf;
				ENABLE_STRICT_OBJC_MSGSEND = YES;
				ENABLE_TESTABILITY = YES;
				GCC_C_LANGUAGE_STANDARD = gnu99;
				GCC_DYNAMIC_NO_PIC = NO;
				GCC_NO_COMMON_BLOCKS = YES;
				GCC_OPTIMIZATION_LEVEL = 0;
				GCC_PREPROCESSOR_DEFINITIONS = (
					"DEBUG=1",
					"$(inherited)",
				);
				GCC_WARN_64_TO_32_BIT_CONVERSION = YES;
				GCC_WARN_ABOUT_RETURN_TYPE = YES_ERROR;
				GCC_WARN_UNDECLARED_SELECTOR = YES;
				GCC_WARN_UNINITIALIZED_AUTOS = YES_AGGRESSIVE;
				GCC_WARN_UNUSED_FUNCTION = YES;
				GCC_WARN_UNUSED_VARIABLE = YES;
				MACOSX_DEPLOYMENT_TARGET = 10.10;
				MTL_ENABLE_DEBUG_INFO = YES;
				ONLY_ACTIVE_ARCH = YES;
				SDKROOT = macosx;
			};
			name = Debug;
		};
		8B77FB381C57060A00AEBDEA /* Release */ = {
			isa = XCBuildConfiguration;
			buildSettings = {
				ALWAYS_SEARCH_USER_PATHS = NO;
				CLANG_CXX_LANGUAGE_STANDARD = "gnu++0x";
				CLANG_CXX_LIBRARY = "libc++";
				CLANG_ENABLE_MODULES = YES;
				CLANG_ENABLE_OBJC_ARC = YES;
				CLANG_WARN_BOOL_CONVERSION = YES;
				CLANG_WARN_CONSTANT_CONVERSION = YES;
				CLANG_WARN_DIRECT_OBJC_ISA_USAGE = YES_ERROR;
				CLANG_WARN_EMPTY_BODY = YES;
				CLANG_WARN_ENUM_CONVERSION = YES;
				CLANG_WARN_INT_CONVERSION = YES;
				CLANG_WARN_OBJC_ROOT_CLASS = YES_ERROR;
				CLANG_WARN_UNREACHABLE_CODE = YES;
				CLANG_WARN__DUPLICATE_METHOD_MATCH = YES;
				CODE_SIGN_IDENTITY = "-";
				COPY_PHASE_STRIP = NO;
				DEBUG_INFORMATION_FORMAT = "dwarf-with-dsym";
				ENABLE_NS_ASSERTIONS = NO;
				ENABLE_STRICT_OBJC_MSGSEND = YES;
				GCC_C_LANGUAGE_STANDARD = gnu99;
				GCC_NO_COMMON_BLOCKS = YES;
				GCC_WARN_64_TO_32_BIT_CONVERSION = YES;
				GCC_WARN_ABOUT_RETURN_TYPE = YES_ERROR;
				GCC_WARN_UNDECLARED_SELECTOR = YES;
				GCC_WARN_UNINITIALIZED_AUTOS = YES_AGGRESSIVE;
				GCC_WARN_UNUSED_FUNCTION = YES;
				GCC_WARN_UNUSED_VARIABLE = YES;
				MACOSX_DEPLOYMENT_TARGET = 10.10;
				MTL_ENABLE_DEBUG_INFO = NO;
				SDKROOT = macosx;
			};
			name = Release;
		};
		8B77FB3A1C57060A00AEBDEA /* Debug */ = {
			isa = XCBuildConfiguration;
			buildSettings = {
				PRODUCT_NAME = "$(TARGET_NAME)";
			};
			name = Debug;
		};
		8B77FB3B1C57060A00AEBDEA /* Release */ = {
			isa = XCBuildConfiguration;
			buildSettings = {
				PRODUCT_NAME = "$(TARGET_NAME)";
			};
			name = Release;
		};
/* End XCBuildConfiguration section */

/* Begin XCConfigurationList section */
		8B77FB2D1C57060A00AEBDEA /* Build configuration list for PBXProject "Proyecto1_JosueGarcia" */ = {
			isa = XCConfigurationList;
			buildConfigurations = (
				8B77FB371C57060A00AEBDEA /* Debug */,
				8B77FB381C57060A00AEBDEA /* Release */,
			);
			defaultConfigurationIsVisible = 0;
			defaultConfigurationName = Release;
		};
		8B77FB391C57060A00AEBDEA /* Build configuration list for PBXNativeTarget "Proyecto1_JosueGarcia" */ = {
			isa = XCConfigurationList;
			buildConfigurations = (
				8B77FB3A1C57060A00AEBDEA /* Debug */,
				8B77FB3B1C57060A00AEBDEA /* Release */,
			);
			defaultConfigurationIsVisible = 0;
			defaultConfigurationName = Release;
		};
/* End XCConfigurationList section */
	};
	rootObject = 8B77FB2A1C57060A00AEBDEA /* Project object */;
}
